
Microsoft Visual Studio Solution File, Format Version 12.00
# Visual Studio Version 16
VisualStudioVersion = 16.0.29905.134
MinimumVisualStudioVersion = 10.0.40219.1
Project("{FAE04EC0-301F-11D3-BF4B-00C04F79EFBC}") = "IPS", "IPS.csproj", "{DE5D7B91-0235-4937-B11E-4EA519416750}"
EndProject
Global
	GlobalSection(SolutionConfigurationPlatforms) = preSolution
		Debug|Any CPU = Debug|Any CPU
		Release|Any CPU = Release|Any CPU
	EndGlobalSection
	GlobalSection(ProjectConfigurationPlatforms) = postSolution
		{DE5D7B91-0235-4937-B11E-4EA519416750}.Debug|Any CPU.ActiveCfg = Debug|Any CPU
		{DE5D7B91-0235-4937-B11E-4EA519416750}.Debug|Any CPU.Build.0 = Debug|Any CPU
		{DE5D7B91-0235-4937-B11E-4EA519416750}.Release|Any CPU.ActiveCfg = Release|Any CPU
		{DE5D7B91-0235-4937-B11E-4EA519416750}.Release|Any CPU.Build.0 = Release|Any CPU
	EndGlobalSection
	GlobalSection(SolutionProperties) = preSolution
		HideSolutionNode = FALSE
	EndGlobalSection
	GlobalSection(ExtensibilityGlobals) = postSolution
		SolutionGuid = {779D0C50-5580-4E45-8191-E510F6E9B162}
	EndGlobalSection
EndGlobal
